<?xml version="1.0" encoding="utf-8"?>
<Project ToolsVersion="4.0" xmlns="http://schemas.microsoft.com/developer/msbuild/2003">
  <ItemGroup>
    <Filter Include="Source Files">
      <UniqueIdentifier>{4FC737F1-C7A5-4376-A066-2A32D752A2FF}</UniqueIdentifier>
      <Extensions>qml;cpp;c;cc;cxx;def;odl;idl;hpj;bat;asm;asmx</Extensions>
    </Filter>
    <Filter Include="Header Files">
      <UniqueIdentifier>{93995380-89BD-4b04-88EB-625FBE52EBFB}</UniqueIdentifier>
      <Extensions>h;hh;hpp;hxx;hm;inl;inc;xsd</Extensions>
    </Filter>
    <Filter Include="Resource Files">
      <UniqueIdentifier>{67DA6AB6-F800-4c08-8B7A-83BB121AAD01}</UniqueIdentifier>
      <Extensions>qrc;rc;ico;cur;bmp;dlg;rc2;rct;bin;rgs;gif;jpg;jpeg;jpe;resx;tiff;tif;png;wav;mfcribbon-ms</Extensions>
    </Filter>
    <Filter Include="Form Files">
      <UniqueIdentifier>{99349809-55BA-4b9d-BF79-8FDBB0286EB3}</UniqueIdentifier>
      <Extensions>ui</Extensions>
    </Filter>
    <Filter Include="Translation Files">
      <UniqueIdentifier>{639EADAA-A684-42e4-A9AD-28FC9BCB8F7C}</UniqueIdentifier>
      <Extensions>ts</Extensions>
    </Filter>
  </ItemGroup>
  <ItemGroup>
    <ClInclude Include="myconfig.h">
      <Filter>Header Files</Filter>
    </ClInclude>
    <ClInclude Include="resource.h">
      <Filter>Header Files</Filter>
    </ClInclude>
    <ClInclude Include="propertydelegateparams.h">
      <Filter>Header Files</Filter>
    </ClInclude>
    <ClInclude Include="drawparamscreator.h">
      <Filter>Header Files</Filter>
    </ClInclude>
    <ClInclude Include="propertydatabuilder.h">
      <Filter>Header Files</Filter>
    </ClInclude>
    <ClInclude Include="drawresult.h">
      <Filter>Header Files</Filter>
    </ClInclude>
    <ClInclude Include="drawer.h">
      <Filter>Header Files</Filter>
    </ClInclude>
    <ClInclude Include="namespace.h">
      <Filter>Header Files</Filter>
    </ClInclude>
    <ClInclude Include="propertynamevec.h">
      <Filter>Header Files</Filter>
    </ClInclude>
    <ClInclude Include="canvasdrawstragety.h">
      <Filter>Header Files</Filter>
    </ClInclude>
  </ItemGroup>
  <ItemGroup>
    <None Include="config.json" />
    <None Include="cpp.hint" />
    <None Include="devconfig.json" />
    <None Include="userconfig.json" />
  </ItemGroup>
  <ItemGroup>
    <ClCompile Include="huabu.cpp">
      <Filter>Source Files</Filter>
    </ClCompile>
    <ClCompile Include="main.cpp">
      <Filter>Source Files</Filter>
    </ClCompile>
    <ClCompile Include="MyMainWindow.cpp">
      <Filter>Source Files</Filter>
    </ClCompile>
    <ClCompile Include="tuxing.cpp">
      <Filter>Source Files</Filter>
    </ClCompile>
    <ClCompile Include="myconfig.cpp">
      <Filter>Source Files</Filter>
    </ClCompile>
    <ClCompile Include="propertydelegateparams.cpp">
      <Filter>Source Files</Filter>
    </ClCompile>
    <ClCompile Include="propertydata.cpp">
      <Filter>Source Files</Filter>
    </ClCompile>
    <ClCompile Include="diagramdrawparams.cpp">
      <Filter>Source Files</Filter>
    </ClCompile>
    <ClCompile Include="drawparamscreator.cpp">
      <Filter>Source Files</Filter>
    </ClCompile>
    <ClCompile Include="propertywidget.cpp">
      <Filter>Source Files</Filter>
    </ClCompile>
    <ClCompile Include="propertyset.cpp">
      <Filter>Source Files</Filter>
    </ClCompile>
    <ClCompile Include="propertydatabuilder.cpp">
      <Filter>Source Files</Filter>
    </ClCompile>
    <ClCompile Include="drawresult.cpp">
      <Filter>Source Files</Filter>
    </ClCompile>
    <ClCompile Include="drawer.cpp">
      <Filter>Source Files</Filter>
    </ClCompile>
    <ClCompile Include="propertydelegage.cpp">
      <Filter>Source Files</Filter>
    </ClCompile>
    <ClCompile Include="namespace.cpp">
      <Filter>Source Files</Filter>
    </ClCompile>
    <ClCompile Include="propertynamevec.cpp">
      <Filter>Source Files</Filter>
    </ClCompile>
    <ClCompile Include="canvasdrawstragety.cpp">
      <Filter>Source Files</Filter>
    </ClCompile>
  </ItemGroup>
  <ItemGroup>
    <QtMoc Include="huabu.h">
      <Filter>Header Files</Filter>
    </QtMoc>
    <QtMoc Include="MyMainWindow.h">
      <Filter>Header Files</Filter>
    </QtMoc>
    <QtMoc Include="tuxing.h">
      <Filter>Header Files</Filter>
    </QtMoc>
    <QtMoc Include="propertydelegage.h">
      <Filter>Header Files</Filter>
    </QtMoc>
    <QtMoc Include="propertydata.h">
      <Filter>Header Files</Filter>
    </QtMoc>
    <QtMoc Include="diagramdrawparams.h">
      <Filter>Header Files</Filter>
    </QtMoc>
    <QtMoc Include="propertywidget.h">
      <Filter>Header Files</Filter>
    </QtMoc>
    <QtMoc Include="propertyset.h">
      <Filter>Header Files</Filter>
    </QtMoc>
  </ItemGroup>
  <ItemGroup>
    <QtUic Include="MyMainWindow.ui">
      <Filter>Form Files</Filter>
    </QtUic>
  </ItemGroup>
  <ItemGroup>
    <ResourceCompile Include="QtChartSVG.rc">
      <Filter>Resource Files</Filter>
    </ResourceCompile>
  </ItemGroup>
  <ItemGroup>
    <QtRcc Include="devconfig.qrc">
      <Filter>Resource Files</Filter>
    </QtRcc>
  </ItemGroup>
</Project>